
Microsoft Visual Studio Solution File, Format Version 12.00
# Visual Studio Version 17
VisualStudioVersion = 17.11.35219.272
MinimumVisualStudioVersion = 10.0.40219.1
Project("{FAE04EC0-301F-11D3-BF4B-00C04F79EFBC}") = "uppgift3", "uppgift3\uppgift3.csproj", "{B5780BD1-765C-4499-8CB6-A6588A4A30A1}"
EndProject
Global
	GlobalSection(SolutionConfigurationPlatforms) = preSolution
		Debug|Any CPU = Debug|Any CPU
		Release|Any CPU = Release|Any CPU
	EndGlobalSection
	GlobalSection(ProjectConfigurationPlatforms) = postSolution
		{B5780BD1-765C-4499-8CB6-A6588A4A30A1}.Debug|Any CPU.ActiveCfg = Debug|Any CPU
		{B5780BD1-765C-4499-8CB6-A6588A4A30A1}.Debug|Any CPU.Build.0 = Debug|Any CPU
		{B5780BD1-765C-4499-8CB6-A6588A4A30A1}.Release|Any CPU.ActiveCfg = Release|Any CPU
		{B5780BD1-765C-4499-8CB6-A6588A4A30A1}.Release|Any CPU.Build.0 = Release|Any CPU
	EndGlobalSection
	GlobalSection(SolutionProperties) = preSolution
		HideSolutionNode = FALSE
	EndGlobalSection
	GlobalSection(ExtensibilityGlobals) = postSolution
		SolutionGuid = {CB6DECEE-7FEB-4722-93A7-92B441C51526}
	EndGlobalSection
EndGlobal
